// !$*UTF8*$!
{
	archiveVersion = 1;
	classes = {
	};
	objectVersion = 46;
	objects = {

/* Begin PBXBuildFile section */
		7659928A18F1AAC3002A1EDA /* Foundation.framework in Frameworks */ = {isa = PBXBuildFile; fileRef = 7659928918F1AAC3002A1EDA /* Foundation.framework */; };
		7659928C18F1AAC3002A1EDA /* CoreGraphics.framework in Frameworks */ = {isa = PBXBuildFile; fileRef = 7659928B18F1AAC3002A1EDA /* CoreGraphics.framework */; };
		7659928E18F1AAC3002A1EDA /* UIKit.framework in Frameworks */ = {isa = PBXBuildFile; fileRef = 7659928D18F1AAC3002A1EDA /* UIKit.framework */; };
		7659929418F1AAC3002A1EDA /* InfoPlist.strings in Resources */ = {isa = PBXBuildFile; fileRef = 7659929218F1AAC3002A1EDA /* InfoPlist.strings */; };
		7659929618F1AAC3002A1EDA /* main.m in Sources */ = {isa = PBXBuildFile; fileRef = 7659929518F1AAC3002A1EDA /* main.m */; };
		7659929A18F1AAC3002A1EDA /* JDGAppDelegate.m in Sources */ = {isa = PBXBuildFile; fileRef = 7659929918F1AAC3002A1EDA /* JDGAppDelegate.m */; };
		7659929D18F1AAC3002A1EDA /* Main_iPhone.storyboard in Resources */ = {isa = PBXBuildFile; fileRef = 7659929B18F1AAC3002A1EDA /* Main_iPhone.storyboard */; };
		765992A018F1AAC3002A1EDA /* Main_iPad.storyboard in Resources */ = {isa = PBXBuildFile; fileRef = 7659929E18F1AAC3002A1EDA /* Main_iPad.storyboard */; };
		765992A618F1AAC3002A1EDA /* JDGQuestionPageViewController.m in Sources */ = {isa = PBXBuildFile; fileRef = 765992A518F1AAC3002A1EDA /* JDGQuestionPageViewController.m */; };
		765992A818F1AAC3002A1EDA /* Images.xcassets in Resources */ = {isa = PBXBuildFile; fileRef = 765992A718F1AAC3002A1EDA /* Images.xcassets */; };
		765992AF18F1AAC3002A1EDA /* XCTest.framework in Frameworks */ = {isa = PBXBuildFile; fileRef = 765992AE18F1AAC3002A1EDA /* XCTest.framework */; };
		765992B018F1AAC3002A1EDA /* Foundation.framework in Frameworks */ = {isa = PBXBuildFile; fileRef = 7659928918F1AAC3002A1EDA /* Foundation.framework */; };
		765992B118F1AAC3002A1EDA /* UIKit.framework in Frameworks */ = {isa = PBXBuildFile; fileRef = 7659928D18F1AAC3002A1EDA /* UIKit.framework */; };
		765992B918F1AAC3002A1EDA /* InfoPlist.strings in Resources */ = {isa = PBXBuildFile; fileRef = 765992B718F1AAC3002A1EDA /* InfoPlist.strings */; };
		765992BB18F1AAC3002A1EDA /* judgementTests.m in Sources */ = {isa = PBXBuildFile; fileRef = 765992BA18F1AAC3002A1EDA /* judgementTests.m */; };
		765992C618F1BBD7002A1EDA /* JDGQuestion.m in Sources */ = {isa = PBXBuildFile; fileRef = 765992C518F1BBD7002A1EDA /* JDGQuestion.m */; };
		769CE9C41913A20600F7E93F /* JDGRootViewController.m in Sources */ = {isa = PBXBuildFile; fileRef = 769CE9C31913A20600F7E93F /* JDGRootViewController.m */; };
		769CE9C71913A4C400F7E93F /* JDGPageViewController.m in Sources */ = {isa = PBXBuildFile; fileRef = 769CE9C61913A4C400F7E93F /* JDGPageViewController.m */; };
		769CE9CA1913E42300F7E93F /* JDGAddQuestionViewController.m in Sources */ = {isa = PBXBuildFile; fileRef = 769CE9C91913E42300F7E93F /* JDGAddQuestionViewController.m */; };
		769CE9CD19151B9700F7E93F /* JDGAddQuestionApiRequest.m in Sources */ = {isa = PBXBuildFile; fileRef = 769CE9CC19151B9700F7E93F /* JDGAddQuestionApiRequest.m */; };
		769CE9CF19152EAF00F7E93F /* FacebookSDK.framework in Frameworks */ = {isa = PBXBuildFile; fileRef = 769CE9CE19152EAF00F7E93F /* FacebookSDK.framework */; };
		76C5243518FB1EF1007DC30B /* NSDictionary+JDGUrlEncoding.m in Sources */ = {isa = PBXBuildFile; fileRef = 76C5243418FB1EF1007DC30B /* NSDictionary+JDGUrlEncoding.m */; };
		76C5243918FB2613007DC30B /* JDGApiClient.m in Sources */ = {isa = PBXBuildFile; fileRef = 76C5243818FB2613007DC30B /* JDGApiClient.m */; };
		76C5243F18FB323F007DC30B /* JDGApiRequest.m in Sources */ = {isa = PBXBuildFile; fileRef = 76C5243E18FB323F007DC30B /* JDGApiRequest.m */; };
		76C5244218FB35C7007DC30B /* JDGGetQuestionsApiRequest.m in Sources */ = {isa = PBXBuildFile; fileRef = 76C5244118FB35C7007DC30B /* JDGGetQuestionsApiRequest.m */; };
		76C5244518FC5289007DC30B /* JDGRegisterApiRequest.m in Sources */ = {isa = PBXBuildFile; fileRef = 76C5244418FC5289007DC30B /* JDGRegisterApiRequest.m */; };
		76C5245118FF009B007DC30B /* JDGGetAnswerApiRequest.m in Sources */ = {isa = PBXBuildFile; fileRef = 76C5245018FF009B007DC30B /* JDGGetAnswerApiRequest.m */; };
		76C5245418FF0463007DC30B /* JDGAnswer.m in Sources */ = {isa = PBXBuildFile; fileRef = 76C5245318FF0463007DC30B /* JDGAnswer.m */; };
		76C5245718FF067B007DC30B /* JDGModel.m in Sources */ = {isa = PBXBuildFile; fileRef = 76C5245618FF067B007DC30B /* JDGModel.m */; };
		76C5245A18FF0DAB007DC30B /* JDGValidatedUser.m in Sources */ = {isa = PBXBuildFile; fileRef = 76C5245918FF0DAB007DC30B /* JDGValidatedUser.m */; };
		76C5245D190054C3007DC30B /* JDGAnswerApiRequest.m in Sources */ = {isa = PBXBuildFile; fileRef = 76C5245C190054C3007DC30B /* JDGAnswerApiRequest.m */; };
		76C5246019005964007DC30B /* JDGUser.m in Sources */ = {isa = PBXBuildFile; fileRef = 76C5245F19005964007DC30B /* JDGUser.m */; };
/* End PBXBuildFile section */

/* Begin PBXContainerItemProxy section */
		765992B218F1AAC3002A1EDA /* PBXContainerItemProxy */ = {
			isa = PBXContainerItemProxy;
			containerPortal = 7659927E18F1AAC3002A1EDA /* Project object */;
			proxyType = 1;
			remoteGlobalIDString = 7659928518F1AAC3002A1EDA;
			remoteInfo = judgement;
		};
/* End PBXContainerItemProxy section */

/* Begin PBXFileReference section */
		7659928618F1AAC3002A1EDA /* judgement.app */ = {isa = PBXFileReference; explicitFileType = wrapper.application; includeInIndex = 0; path = judgement.app; sourceTree = BUILT_PRODUCTS_DIR; };
		7659928918F1AAC3002A1EDA /* Foundation.framework */ = {isa = PBXFileReference; lastKnownFileType = wrapper.framework; name = Foundation.framework; path = System/Library/Frameworks/Foundation.framework; sourceTree = SDKROOT; };
		7659928B18F1AAC3002A1EDA /* CoreGraphics.framework */ = {isa = PBXFileReference; lastKnownFileType = wrapper.framework; name = CoreGraphics.framework; path = System/Library/Frameworks/CoreGraphics.framework; sourceTree = SDKROOT; };
		7659928D18F1AAC3002A1EDA /* UIKit.framework */ = {isa = PBXFileReference; lastKnownFileType = wrapper.framework; name = UIKit.framework; path = System/Library/Frameworks/UIKit.framework; sourceTree = SDKROOT; };
		7659929118F1AAC3002A1EDA /* judgement-Info.plist */ = {isa = PBXFileReference; lastKnownFileType = text.plist.xml; path = "judgement-Info.plist"; sourceTree = "<group>"; };
		7659929318F1AAC3002A1EDA /* en */ = {isa = PBXFileReference; lastKnownFileType = text.plist.strings; name = en; path = en.lproj/InfoPlist.strings; sourceTree = "<group>"; };
		7659929518F1AAC3002A1EDA /* main.m */ = {isa = PBXFileReference; lastKnownFileType = sourcecode.c.objc; path = main.m; sourceTree = "<group>"; };
		7659929718F1AAC3002A1EDA /* judgement-Prefix.pch */ = {isa = PBXFileReference; lastKnownFileType = sourcecode.c.h; path = "judgement-Prefix.pch"; sourceTree = "<group>"; };
		7659929818F1AAC3002A1EDA /* JDGAppDelegate.h */ = {isa = PBXFileReference; lastKnownFileType = sourcecode.c.h; path = JDGAppDelegate.h; sourceTree = "<group>"; };
		7659929918F1AAC3002A1EDA /* JDGAppDelegate.m */ = {isa = PBXFileReference; lastKnownFileType = sourcecode.c.objc; path = JDGAppDelegate.m; sourceTree = "<group>"; };
		7659929C18F1AAC3002A1EDA /* Base */ = {isa = PBXFileReference; lastKnownFileType = file.storyboard; name = Base; path = Base.lproj/Main_iPhone.storyboard; sourceTree = "<group>"; };
		7659929F18F1AAC3002A1EDA /* Base */ = {isa = PBXFileReference; lastKnownFileType = file.storyboard; name = Base; path = Base.lproj/Main_iPad.storyboard; sourceTree = "<group>"; };
		765992A418F1AAC3002A1EDA /* JDGQuestionPageViewController.h */ = {isa = PBXFileReference; lastKnownFileType = sourcecode.c.h; path = JDGQuestionPageViewController.h; sourceTree = "<group>"; };
		765992A518F1AAC3002A1EDA /* JDGQuestionPageViewController.m */ = {isa = PBXFileReference; lastKnownFileType = sourcecode.c.objc; path = JDGQuestionPageViewController.m; sourceTree = "<group>"; };
		765992A718F1AAC3002A1EDA /* Images.xcassets */ = {isa = PBXFileReference; lastKnownFileType = folder.assetcatalog; path = Images.xcassets; sourceTree = "<group>"; };
		765992AD18F1AAC3002A1EDA /* judgementTests.xctest */ = {isa = PBXFileReference; explicitFileType = wrapper.cfbundle; includeInIndex = 0; path = judgementTests.xctest; sourceTree = BUILT_PRODUCTS_DIR; };
		765992AE18F1AAC3002A1EDA /* XCTest.framework */ = {isa = PBXFileReference; lastKnownFileType = wrapper.framework; name = XCTest.framework; path = Library/Frameworks/XCTest.framework; sourceTree = DEVELOPER_DIR; };
		765992B618F1AAC3002A1EDA /* judgementTests-Info.plist */ = {isa = PBXFileReference; lastKnownFileType = text.plist.xml; path = "judgementTests-Info.plist"; sourceTree = "<group>"; };
		765992B818F1AAC3002A1EDA /* en */ = {isa = PBXFileReference; lastKnownFileType = text.plist.strings; name = en; path = en.lproj/InfoPlist.strings; sourceTree = "<group>"; };
		765992BA18F1AAC3002A1EDA /* judgementTests.m */ = {isa = PBXFileReference; lastKnownFileType = sourcecode.c.objc; path = judgementTests.m; sourceTree = "<group>"; };
		765992C418F1BBD7002A1EDA /* JDGQuestion.h */ = {isa = PBXFileReference; fileEncoding = 4; lastKnownFileType = sourcecode.c.h; path = JDGQuestion.h; sourceTree = "<group>"; };
		765992C518F1BBD7002A1EDA /* JDGQuestion.m */ = {isa = PBXFileReference; fileEncoding = 4; lastKnownFileType = sourcecode.c.objc; path = JDGQuestion.m; sourceTree = "<group>"; };
		769CE9C21913A20600F7E93F /* JDGRootViewController.h */ = {isa = PBXFileReference; fileEncoding = 4; lastKnownFileType = sourcecode.c.h; path = JDGRootViewController.h; sourceTree = "<group>"; };
		769CE9C31913A20600F7E93F /* JDGRootViewController.m */ = {isa = PBXFileReference; fileEncoding = 4; lastKnownFileType = sourcecode.c.objc; path = JDGRootViewController.m; sourceTree = "<group>"; };
		769CE9C51913A4C400F7E93F /* JDGPageViewController.h */ = {isa = PBXFileReference; fileEncoding = 4; lastKnownFileType = sourcecode.c.h; path = JDGPageViewController.h; sourceTree = "<group>"; };
		769CE9C61913A4C400F7E93F /* JDGPageViewController.m */ = {isa = PBXFileReference; fileEncoding = 4; lastKnownFileType = sourcecode.c.objc; path = JDGPageViewController.m; sourceTree = "<group>"; };
		769CE9C81913E42300F7E93F /* JDGAddQuestionViewController.h */ = {isa = PBXFileReference; fileEncoding = 4; lastKnownFileType = sourcecode.c.h; path = JDGAddQuestionViewController.h; sourceTree = "<group>"; };
		769CE9C91913E42300F7E93F /* JDGAddQuestionViewController.m */ = {isa = PBXFileReference; fileEncoding = 4; lastKnownFileType = sourcecode.c.objc; path = JDGAddQuestionViewController.m; sourceTree = "<group>"; };
		769CE9CB19151B9700F7E93F /* JDGAddQuestionApiRequest.h */ = {isa = PBXFileReference; fileEncoding = 4; lastKnownFileType = sourcecode.c.h; path = JDGAddQuestionApiRequest.h; sourceTree = "<group>"; };
		769CE9CC19151B9700F7E93F /* JDGAddQuestionApiRequest.m */ = {isa = PBXFileReference; fileEncoding = 4; lastKnownFileType = sourcecode.c.objc; path = JDGAddQuestionApiRequest.m; sourceTree = "<group>"; };
		769CE9CE19152EAF00F7E93F /* FacebookSDK.framework */ = {isa = PBXFileReference; lastKnownFileType = wrapper.framework; name = FacebookSDK.framework; path = ../../Documents/FacebookSDK/FacebookSDK.framework; sourceTree = "<group>"; };
		76C5243318FB1EF1007DC30B /* NSDictionary+JDGUrlEncoding.h */ = {isa = PBXFileReference; fileEncoding = 4; lastKnownFileType = sourcecode.c.h; path = "NSDictionary+JDGUrlEncoding.h"; sourceTree = "<group>"; };
		76C5243418FB1EF1007DC30B /* NSDictionary+JDGUrlEncoding.m */ = {isa = PBXFileReference; fileEncoding = 4; lastKnownFileType = sourcecode.c.objc; path = "NSDictionary+JDGUrlEncoding.m"; sourceTree = "<group>"; };
		76C5243718FB2613007DC30B /* JDGApiClient.h */ = {isa = PBXFileReference; fileEncoding = 4; lastKnownFileType = sourcecode.c.h; path = JDGApiClient.h; sourceTree = "<group>"; };
		76C5243818FB2613007DC30B /* JDGApiClient.m */ = {isa = PBXFileReference; fileEncoding = 4; lastKnownFileType = sourcecode.c.objc; path = JDGApiClient.m; sourceTree = "<group>"; };
		76C5243D18FB323F007DC30B /* JDGApiRequest.h */ = {isa = PBXFileReference; fileEncoding = 4; lastKnownFileType = sourcecode.c.h; path = JDGApiRequest.h; sourceTree = "<group>"; };
		76C5243E18FB323F007DC30B /* JDGApiRequest.m */ = {isa = PBXFileReference; fileEncoding = 4; lastKnownFileType = sourcecode.c.objc; path = JDGApiRequest.m; sourceTree = "<group>"; };
		76C5244018FB35C7007DC30B /* JDGGetQuestionsApiRequest.h */ = {isa = PBXFileReference; fileEncoding = 4; lastKnownFileType = sourcecode.c.h; path = JDGGetQuestionsApiRequest.h; sourceTree = "<group>"; };
		76C5244118FB35C7007DC30B /* JDGGetQuestionsApiRequest.m */ = {isa = PBXFileReference; fileEncoding = 4; lastKnownFileType = sourcecode.c.objc; path = JDGGetQuestionsApiRequest.m; sourceTree = "<group>"; };
		76C5244318FC5289007DC30B /* JDGRegisterApiRequest.h */ = {isa = PBXFileReference; fileEncoding = 4; lastKnownFileType = sourcecode.c.h; path = JDGRegisterApiRequest.h; sourceTree = "<group>"; };
		76C5244418FC5289007DC30B /* JDGRegisterApiRequest.m */ = {isa = PBXFileReference; fileEncoding = 4; lastKnownFileType = sourcecode.c.objc; path = JDGRegisterApiRequest.m; sourceTree = "<group>"; };
		76C5244F18FF009B007DC30B /* JDGGetAnswerApiRequest.h */ = {isa = PBXFileReference; fileEncoding = 4; lastKnownFileType = sourcecode.c.h; path = JDGGetAnswerApiRequest.h; sourceTree = "<group>"; };
		76C5245018FF009B007DC30B /* JDGGetAnswerApiRequest.m */ = {isa = PBXFileReference; fileEncoding = 4; lastKnownFileType = sourcecode.c.objc; path = JDGGetAnswerApiRequest.m; sourceTree = "<group>"; };
		76C5245218FF0463007DC30B /* JDGAnswer.h */ = {isa = PBXFileReference; fileEncoding = 4; lastKnownFileType = sourcecode.c.h; path = JDGAnswer.h; sourceTree = "<group>"; };
		76C5245318FF0463007DC30B /* JDGAnswer.m */ = {isa = PBXFileReference; fileEncoding = 4; lastKnownFileType = sourcecode.c.objc; path = JDGAnswer.m; sourceTree = "<group>"; };
		76C5245518FF067B007DC30B /* JDGModel.h */ = {isa = PBXFileReference; fileEncoding = 4; lastKnownFileType = sourcecode.c.h; path = JDGModel.h; sourceTree = "<group>"; };
		76C5245618FF067B007DC30B /* JDGModel.m */ = {isa = PBXFileReference; fileEncoding = 4; lastKnownFileType = sourcecode.c.objc; path = JDGModel.m; sourceTree = "<group>"; };
		76C5245818FF0DAB007DC30B /* JDGValidatedUser.h */ = {isa = PBXFileReference; fileEncoding = 4; lastKnownFileType = sourcecode.c.h; path = JDGValidatedUser.h; sourceTree = "<group>"; };
		76C5245918FF0DAB007DC30B /* JDGValidatedUser.m */ = {isa = PBXFileReference; fileEncoding = 4; lastKnownFileType = sourcecode.c.objc; path = JDGValidatedUser.m; sourceTree = "<group>"; };
		76C5245B190054C3007DC30B /* JDGAnswerApiRequest.h */ = {isa = PBXFileReference; fileEncoding = 4; lastKnownFileType = sourcecode.c.h; path = JDGAnswerApiRequest.h; sourceTree = "<group>"; };
		76C5245C190054C3007DC30B /* JDGAnswerApiRequest.m */ = {isa = PBXFileReference; fileEncoding = 4; lastKnownFileType = sourcecode.c.objc; path = JDGAnswerApiRequest.m; sourceTree = "<group>"; };
		76C5245E19005964007DC30B /* JDGUser.h */ = {isa = PBXFileReference; fileEncoding = 4; lastKnownFileType = sourcecode.c.h; path = JDGUser.h; sourceTree = "<group>"; };
		76C5245F19005964007DC30B /* JDGUser.m */ = {isa = PBXFileReference; fileEncoding = 4; lastKnownFileType = sourcecode.c.objc; path = JDGUser.m; sourceTree = "<group>"; };
/* End PBXFileReference section */

/* Begin PBXFrameworksBuildPhase section */
		7659928318F1AAC3002A1EDA /* Frameworks */ = {
			isa = PBXFrameworksBuildPhase;
			buildActionMask = 2147483647;
			files = (
				7659928C18F1AAC3002A1EDA /* CoreGraphics.framework in Frameworks */,
				769CE9CF19152EAF00F7E93F /* FacebookSDK.framework in Frameworks */,
				7659928E18F1AAC3002A1EDA /* UIKit.framework in Frameworks */,
				7659928A18F1AAC3002A1EDA /* Foundation.framework in Frameworks */,
			);
			runOnlyForDeploymentPostprocessing = 0;
		};
		765992AA18F1AAC3002A1EDA /* Frameworks */ = {
			isa = PBXFrameworksBuildPhase;
			buildActionMask = 2147483647;
			files = (
				765992AF18F1AAC3002A1EDA /* XCTest.framework in Frameworks */,
				765992B118F1AAC3002A1EDA /* UIKit.framework in Frameworks */,
				765992B018F1AAC3002A1EDA /* Foundation.framework in Frameworks */,
			);
			runOnlyForDeploymentPostprocessing = 0;
		};
/* End PBXFrameworksBuildPhase section */

/* Begin PBXGroup section */
		7659927D18F1AAC3002A1EDA = {
			isa = PBXGroup;
			children = (
				7659928F18F1AAC3002A1EDA /* judgement */,
				765992B418F1AAC3002A1EDA /* judgementTests */,
				7659928818F1AAC3002A1EDA /* Frameworks */,
				7659928718F1AAC3002A1EDA /* Products */,
			);
			sourceTree = "<group>";
		};
		7659928718F1AAC3002A1EDA /* Products */ = {
			isa = PBXGroup;
			children = (
				7659928618F1AAC3002A1EDA /* judgement.app */,
				765992AD18F1AAC3002A1EDA /* judgementTests.xctest */,
			);
			name = Products;
			sourceTree = "<group>";
		};
		7659928818F1AAC3002A1EDA /* Frameworks */ = {
			isa = PBXGroup;
			children = (
				769CE9CE19152EAF00F7E93F /* FacebookSDK.framework */,
				7659928918F1AAC3002A1EDA /* Foundation.framework */,
				7659928B18F1AAC3002A1EDA /* CoreGraphics.framework */,
				7659928D18F1AAC3002A1EDA /* UIKit.framework */,
				765992AE18F1AAC3002A1EDA /* XCTest.framework */,
			);
			name = Frameworks;
			sourceTree = "<group>";
		};
		7659928F18F1AAC3002A1EDA /* judgement */ = {
			isa = PBXGroup;
			children = (
				76F7ECB11909BEFA001E5F32 /* Controllers */,
				76C5243618FB25EA007DC30B /* Client */,
				76C5243218FB1E9C007DC30B /* Categories */,
				76C5242E18FB1A71007DC30B /* Model */,
				7659929818F1AAC3002A1EDA /* JDGAppDelegate.h */,
				7659929918F1AAC3002A1EDA /* JDGAppDelegate.m */,
				7659929B18F1AAC3002A1EDA /* Main_iPhone.storyboard */,
				7659929E18F1AAC3002A1EDA /* Main_iPad.storyboard */,
				765992A718F1AAC3002A1EDA /* Images.xcassets */,
				7659929018F1AAC3002A1EDA /* Supporting Files */,
			);
			path = judgement;
			sourceTree = "<group>";
		};
		7659929018F1AAC3002A1EDA /* Supporting Files */ = {
			isa = PBXGroup;
			children = (
				7659929118F1AAC3002A1EDA /* judgement-Info.plist */,
				7659929218F1AAC3002A1EDA /* InfoPlist.strings */,
				7659929518F1AAC3002A1EDA /* main.m */,
				7659929718F1AAC3002A1EDA /* judgement-Prefix.pch */,
			);
			name = "Supporting Files";
			sourceTree = "<group>";
		};
		765992B418F1AAC3002A1EDA /* judgementTests */ = {
			isa = PBXGroup;
			children = (
				765992BA18F1AAC3002A1EDA /* judgementTests.m */,
				765992B518F1AAC3002A1EDA /* Supporting Files */,
			);
			path = judgementTests;
			sourceTree = "<group>";
		};
		765992B518F1AAC3002A1EDA /* Supporting Files */ = {
			isa = PBXGroup;
			children = (
				765992B618F1AAC3002A1EDA /* judgementTests-Info.plist */,
				765992B718F1AAC3002A1EDA /* InfoPlist.strings */,
			);
			name = "Supporting Files";
			sourceTree = "<group>";
		};
		769CE9D019153BE200F7E93F /* Pages */ = {
			isa = PBXGroup;
			children = (
				765992A418F1AAC3002A1EDA /* JDGQuestionPageViewController.h */,
				765992A518F1AAC3002A1EDA /* JDGQuestionPageViewController.m */,
				769CE9C51913A4C400F7E93F /* JDGPageViewController.h */,
				769CE9C61913A4C400F7E93F /* JDGPageViewController.m */,
			);
			name = Pages;
			sourceTree = "<group>";
		};
		76C5242E18FB1A71007DC30B /* Model */ = {
			isa = PBXGroup;
			children = (
				765992C418F1BBD7002A1EDA /* JDGQuestion.h */,
				765992C518F1BBD7002A1EDA /* JDGQuestion.m */,
				76C5245218FF0463007DC30B /* JDGAnswer.h */,
				76C5245318FF0463007DC30B /* JDGAnswer.m */,
				76C5245518FF067B007DC30B /* JDGModel.h */,
				76C5245618FF067B007DC30B /* JDGModel.m */,
				76C5245818FF0DAB007DC30B /* JDGValidatedUser.h */,
				76C5245918FF0DAB007DC30B /* JDGValidatedUser.m */,
				76C5245E19005964007DC30B /* JDGUser.h */,
				76C5245F19005964007DC30B /* JDGUser.m */,
			);
			name = Model;
			sourceTree = "<group>";
		};
		76C5243218FB1E9C007DC30B /* Categories */ = {
			isa = PBXGroup;
			children = (
				76C5243318FB1EF1007DC30B /* NSDictionary+JDGUrlEncoding.h */,
				76C5243418FB1EF1007DC30B /* NSDictionary+JDGUrlEncoding.m */,
			);
			name = Categories;
			sourceTree = "<group>";
		};
		76C5243618FB25EA007DC30B /* Client */ = {
			isa = PBXGroup;
			children = (
				76C5243718FB2613007DC30B /* JDGApiClient.h */,
				76C5243818FB2613007DC30B /* JDGApiClient.m */,
				76C5243D18FB323F007DC30B /* JDGApiRequest.h */,
				76C5243E18FB323F007DC30B /* JDGApiRequest.m */,
				76C5244018FB35C7007DC30B /* JDGGetQuestionsApiRequest.h */,
				76C5244118FB35C7007DC30B /* JDGGetQuestionsApiRequest.m */,
				76C5244318FC5289007DC30B /* JDGRegisterApiRequest.h */,
				76C5244418FC5289007DC30B /* JDGRegisterApiRequest.m */,
				76C5244F18FF009B007DC30B /* JDGGetAnswerApiRequest.h */,
				76C5245018FF009B007DC30B /* JDGGetAnswerApiRequest.m */,
				76C5245B190054C3007DC30B /* JDGAnswerApiRequest.h */,
				76C5245C190054C3007DC30B /* JDGAnswerApiRequest.m */,
				769CE9CB19151B9700F7E93F /* JDGAddQuestionApiRequest.h */,
				769CE9CC19151B9700F7E93F /* JDGAddQuestionApiRequest.m */,
			);
			name = Client;
			sourceTree = "<group>";
		};
		76F7ECB11909BEFA001E5F32 /* Controllers */ = {
			isa = PBXGroup;
			children = (
				769CE9D019153BE200F7E93F /* Pages */,
				769CE9C21913A20600F7E93F /* JDGRootViewController.h */,
				769CE9C31913A20600F7E93F /* JDGRootViewController.m */,
				769CE9C81913E42300F7E93F /* JDGAddQuestionViewController.h */,
				769CE9C91913E42300F7E93F /* JDGAddQuestionViewController.m */,
			);
			name = Controllers;
			sourceTree = "<group>";
		};
/* End PBXGroup section */

/* Begin PBXNativeTarget section */
		7659928518F1AAC3002A1EDA /* judgement */ = {
			isa = PBXNativeTarget;
			buildConfigurationList = 765992BE18F1AAC3002A1EDA /* Build configuration list for PBXNativeTarget "judgement" */;
			buildPhases = (
				7659928218F1AAC3002A1EDA /* Sources */,
				7659928318F1AAC3002A1EDA /* Frameworks */,
				7659928418F1AAC3002A1EDA /* Resources */,
			);
			buildRules = (
			);
			dependencies = (
			);
			name = judgement;
			productName = judgement;
			productReference = 7659928618F1AAC3002A1EDA /* judgement.app */;
			productType = "com.apple.product-type.application";
		};
		765992AC18F1AAC3002A1EDA /* judgementTests */ = {
			isa = PBXNativeTarget;
			buildConfigurationList = 765992C118F1AAC3002A1EDA /* Build configuration list for PBXNativeTarget "judgementTests" */;
			buildPhases = (
				765992A918F1AAC3002A1EDA /* Sources */,
				765992AA18F1AAC3002A1EDA /* Frameworks */,
				765992AB18F1AAC3002A1EDA /* Resources */,
			);
			buildRules = (
			);
			dependencies = (
				765992B318F1AAC3002A1EDA /* PBXTargetDependency */,
			);
			name = judgementTests;
			productName = judgementTests;
			productReference = 765992AD18F1AAC3002A1EDA /* judgementTests.xctest */;
			productType = "com.apple.product-type.bundle.unit-test";
		};
/* End PBXNativeTarget section */

/* Begin PBXProject section */
		7659927E18F1AAC3002A1EDA /* Project object */ = {
			isa = PBXProject;
			attributes = {
				CLASSPREFIX = JDG;
				LastUpgradeCheck = 0510;
				ORGANIZATIONNAME = golergka;
				TargetAttributes = {
					765992AC18F1AAC3002A1EDA = {
						TestTargetID = 7659928518F1AAC3002A1EDA;
					};
				};
			};
			buildConfigurationList = 7659928118F1AAC3002A1EDA /* Build configuration list for PBXProject "judgement" */;
			compatibilityVersion = "Xcode 3.2";
			developmentRegion = English;
			hasScannedForEncodings = 0;
			knownRegions = (
				en,
				Base,
			);
			mainGroup = 7659927D18F1AAC3002A1EDA;
			productRefGroup = 7659928718F1AAC3002A1EDA /* Products */;
			projectDirPath = "";
			projectRoot = "";
			targets = (
				7659928518F1AAC3002A1EDA /* judgement */,
				765992AC18F1AAC3002A1EDA /* judgementTests */,
			);
		};
/* End PBXProject section */

/* Begin PBXResourcesBuildPhase section */
		7659928418F1AAC3002A1EDA /* Resources */ = {
			isa = PBXResourcesBuildPhase;
			buildActionMask = 2147483647;
			files = (
				765992A018F1AAC3002A1EDA /* Main_iPad.storyboard in Resources */,
				765992A818F1AAC3002A1EDA /* Images.xcassets in Resources */,
				7659929D18F1AAC3002A1EDA /* Main_iPhone.storyboard in Resources */,
				7659929418F1AAC3002A1EDA /* InfoPlist.strings in Resources */,
			);
			runOnlyForDeploymentPostprocessing = 0;
		};
		765992AB18F1AAC3002A1EDA /* Resources */ = {
			isa = PBXResourcesBuildPhase;
			buildActionMask = 2147483647;
			files = (
				765992B918F1AAC3002A1EDA /* InfoPlist.strings in Resources */,
			);
			runOnlyForDeploymentPostprocessing = 0;
		};
/* End PBXResourcesBuildPhase section */

/* Begin PBXSourcesBuildPhase section */
		7659928218F1AAC3002A1EDA /* Sources */ = {
			isa = PBXSourcesBuildPhase;
			buildActionMask = 2147483647;
			files = (
				76C5245D190054C3007DC30B /* JDGAnswerApiRequest.m in Sources */,
				7659929A18F1AAC3002A1EDA /* JDGAppDelegate.m in Sources */,
				76C5243518FB1EF1007DC30B /* NSDictionary+JDGUrlEncoding.m in Sources */,
				765992C618F1BBD7002A1EDA /* JDGQuestion.m in Sources */,
				769CE9CA1913E42300F7E93F /* JDGAddQuestionViewController.m in Sources */,
				7659929618F1AAC3002A1EDA /* main.m in Sources */,
				76C5243F18FB323F007DC30B /* JDGApiRequest.m in Sources */,
				765992A618F1AAC3002A1EDA /* JDGQuestionPageViewController.m in Sources */,
				76C5246019005964007DC30B /* JDGUser.m in Sources */,
				76C5244518FC5289007DC30B /* JDGRegisterApiRequest.m in Sources */,
				769CE9C41913A20600F7E93F /* JDGRootViewController.m in Sources */,
				76C5245A18FF0DAB007DC30B /* JDGValidatedUser.m in Sources */,
				76C5245718FF067B007DC30B /* JDGModel.m in Sources */,
				76C5245118FF009B007DC30B /* JDGGetAnswerApiRequest.m in Sources */,
				769CE9CD19151B9700F7E93F /* JDGAddQuestionApiRequest.m in Sources */,
				76C5244218FB35C7007DC30B /* JDGGetQuestionsApiRequest.m in Sources */,
				769CE9C71913A4C400F7E93F /* JDGPageViewController.m in Sources */,
				76C5243918FB2613007DC30B /* JDGApiClient.m in Sources */,
				76C5245418FF0463007DC30B /* JDGAnswer.m in Sources */,
			);
			runOnlyForDeploymentPostprocessing = 0;
		};
		765992A918F1AAC3002A1EDA /* Sources */ = {
			isa = PBXSourcesBuildPhase;
			buildActionMask = 2147483647;
			files = (
				765992BB18F1AAC3002A1EDA /* judgementTests.m in Sources */,
			);
			runOnlyForDeploymentPostprocessing = 0;
		};
/* End PBXSourcesBuildPhase section */

/* Begin PBXTargetDependency section */
		765992B318F1AAC3002A1EDA /* PBXTargetDependency */ = {
			isa = PBXTargetDependency;
			target = 7659928518F1AAC3002A1EDA /* judgement */;
			targetProxy = 765992B218F1AAC3002A1EDA /* PBXContainerItemProxy */;
		};
/* End PBXTargetDependency section */

/* Begin PBXVariantGroup section */
		7659929218F1AAC3002A1EDA /* InfoPlist.strings */ = {
			isa = PBXVariantGroup;
			children = (
				7659929318F1AAC3002A1EDA /* en */,
			);
			name = InfoPlist.strings;
			sourceTree = "<group>";
		};
		7659929B18F1AAC3002A1EDA /* Main_iPhone.storyboard */ = {
			isa = PBXVariantGroup;
			children = (
				7659929C18F1AAC3002A1EDA /* Base */,
			);
			name = Main_iPhone.storyboard;
			sourceTree = "<group>";
		};
		7659929E18F1AAC3002A1EDA /* Main_iPad.storyboard */ = {
			isa = PBXVariantGroup;
			children = (
				7659929F18F1AAC3002A1EDA /* Base */,
			);
			name = Main_iPad.storyboard;
			sourceTree = "<group>";
		};
		765992B718F1AAC3002A1EDA /* InfoPlist.strings */ = {
			isa = PBXVariantGroup;
			children = (
				765992B818F1AAC3002A1EDA /* en */,
			);
			name = InfoPlist.strings;
			sourceTree = "<group>";
		};
/* End PBXVariantGroup section */

/* Begin XCBuildConfiguration section */
		765992BC18F1AAC3002A1EDA /* Debug */ = {
			isa = XCBuildConfiguration;
			buildSettings = {
				ALWAYS_SEARCH_USER_PATHS = NO;
				CLANG_CXX_LANGUAGE_STANDARD = "gnu++0x";
				CLANG_CXX_LIBRARY = "libc++";
				CLANG_ENABLE_MODULES = YES;
				CLANG_ENABLE_OBJC_ARC = YES;
				CLANG_WARN_BOOL_CONVERSION = YES;
				CLANG_WARN_CONSTANT_CONVERSION = YES;
				CLANG_WARN_DIRECT_OBJC_ISA_USAGE = YES_ERROR;
				CLANG_WARN_EMPTY_BODY = YES;
				CLANG_WARN_ENUM_CONVERSION = YES;
				CLANG_WARN_INT_CONVERSION = YES;
				CLANG_WARN_OBJC_ROOT_CLASS = YES_ERROR;
				CLANG_WARN__DUPLICATE_METHOD_MATCH = YES;
				"CODE_SIGN_IDENTITY[sdk=iphoneos*]" = "iPhone Developer";
				COPY_PHASE_STRIP = NO;
				GCC_C_LANGUAGE_STANDARD = gnu99;
				GCC_DYNAMIC_NO_PIC = NO;
				GCC_OPTIMIZATION_LEVEL = 0;
				GCC_PREPROCESSOR_DEFINITIONS = (
					"DEBUG=1",
					"$(inherited)",
				);
				GCC_SYMBOLS_PRIVATE_EXTERN = NO;
				GCC_WARN_64_TO_32_BIT_CONVERSION = YES;
				GCC_WARN_ABOUT_RETURN_TYPE = YES_ERROR;
				GCC_WARN_UNDECLARED_SELECTOR = YES;
				GCC_WARN_UNINITIALIZED_AUTOS = YES_AGGRESSIVE;
				GCC_WARN_UNUSED_FUNCTION = YES;
				GCC_WARN_UNUSED_VARIABLE = YES;
				IPHONEOS_DEPLOYMENT_TARGET = 7.1;
				ONLY_ACTIVE_ARCH = YES;
				SDKROOT = iphoneos;
				TARGETED_DEVICE_FAMILY = "1,2";
			};
			name = Debug;
		};
		765992BD18F1AAC3002A1EDA /* Release */ = {
			isa = XCBuildConfiguration;
			buildSettings = {
				ALWAYS_SEARCH_USER_PATHS = NO;
				CLANG_CXX_LANGUAGE_STANDARD = "gnu++0x";
				CLANG_CXX_LIBRARY = "libc++";
				CLANG_ENABLE_MODULES = YES;
				CLANG_ENABLE_OBJC_ARC = YES;
				CLANG_WARN_BOOL_CONVERSION = YES;
				CLANG_WARN_CONSTANT_CONVERSION = YES;
				CLANG_WARN_DIRECT_OBJC_ISA_USAGE = YES_ERROR;
				CLANG_WARN_EMPTY_BODY = YES;
				CLANG_WARN_ENUM_CONVERSION = YES;
				CLANG_WARN_INT_CONVERSION = YES;
				CLANG_WARN_OBJC_ROOT_CLASS = YES_ERROR;
				CLANG_WARN__DUPLICATE_METHOD_MATCH = YES;
				"CODE_SIGN_IDENTITY[sdk=iphoneos*]" = "iPhone Developer";
				COPY_PHASE_STRIP = YES;
				ENABLE_NS_ASSERTIONS = NO;
				GCC_C_LANGUAGE_STANDARD = gnu99;
				GCC_WARN_64_TO_32_BIT_CONVERSION = YES;
				GCC_WARN_ABOUT_RETURN_TYPE = YES_ERROR;
				GCC_WARN_UNDECLARED_SELECTOR = YES;
				GCC_WARN_UNINITIALIZED_AUTOS = YES_AGGRESSIVE;
				GCC_WARN_UNUSED_FUNCTION = YES;
				GCC_WARN_UNUSED_VARIABLE = YES;
				IPHONEOS_DEPLOYMENT_TARGET = 7.1;
				SDKROOT = iphoneos;
				TARGETED_DEVICE_FAMILY = "1,2";
				VALIDATE_PRODUCT = YES;
			};
			name = Release;
		};
		765992BF18F1AAC3002A1EDA /* Debug */ = {
			isa = XCBuildConfiguration;
			buildSettings = {
				ASSETCATALOG_COMPILER_APPICON_NAME = AppIcon;
				ASSETCATALOG_COMPILER_LAUNCHIMAGE_NAME = LaunchImage;
				CODE_SIGN_IDENTITY = "iPhone Developer";
				FRAMEWORK_SEARCH_PATHS = (
					"$(inherited)",
					/Users/golergka/Documents/FacebookSDK,
				);
				GCC_PRECOMPILE_PREFIX_HEADER = YES;
				GCC_PREFIX_HEADER = "judgement/judgement-Prefix.pch";
				INFOPLIST_FILE = "judgement/judgement-Info.plist";
				IPHONEOS_DEPLOYMENT_TARGET = 7.1;
				PRODUCT_NAME = "$(TARGET_NAME)";
				TARGETED_DEVICE_FAMILY = 1;
				WRAPPER_EXTENSION = app;
			};
			name = Debug;
		};
		765992C018F1AAC3002A1EDA /* Release */ = {
			isa = XCBuildConfiguration;
			buildSettings = {
				ASSETCATALOG_COMPILER_APPICON_NAME = AppIcon;
				ASSETCATALOG_COMPILER_LAUNCHIMAGE_NAME = LaunchImage;
				CODE_SIGN_IDENTITY = "iPhone Developer";
				FRAMEWORK_SEARCH_PATHS = (
					"$(inherited)",
					/Users/golergka/Documents/FacebookSDK,
				);
				GCC_PRECOMPILE_PREFIX_HEADER = YES;
				GCC_PREFIX_HEADER = "judgement/judgement-Prefix.pch";
				INFOPLIST_FILE = "judgement/judgement-Info.plist";
				IPHONEOS_DEPLOYMENT_TARGET = 7.1;
				PRODUCT_NAME = "$(TARGET_NAME)";
				TARGETED_DEVICE_FAMILY = 1;
				WRAPPER_EXTENSION = app;
			};
			name = Release;
		};
		765992C218F1AAC3002A1EDA /* Debug */ = {
			isa = XCBuildConfiguration;
			buildSettings = {
				BUNDLE_LOADER = "$(BUILT_PRODUCTS_DIR)/judgement.app/judgement";
				FRAMEWORK_SEARCH_PATHS = (
					"$(SDKROOT)/Developer/Library/Frameworks",
					"$(inherited)",
					"$(DEVELOPER_FRAMEWORKS_DIR)",
				);
				GCC_PRECOMPILE_PREFIX_HEADER = YES;
				GCC_PREFIX_HEADER = "judgement/judgement-Prefix.pch";
				GCC_PREPROCESSOR_DEFINITIONS = (
					"DEBUG=1",
					"$(inherited)",
				);
				INFOPLIST_FILE = "judgementTests/judgementTests-Info.plist";
				PRODUCT_NAME = "$(TARGET_NAME)";
				TEST_HOST = "$(BUNDLE_LOADER)";
				WRAPPER_EXTENSION = xctest;
			};
			name = Debug;
		};
		765992C318F1AAC3002A1EDA /* Release */ = {
			isa = XCBuildConfiguration;
			buildSettings = {
				BUNDLE_LOADER = "$(BUILT_PRODUCTS_DIR)/judgement.app/judgement";
				FRAMEWORK_SEARCH_PATHS = (
					"$(SDKROOT)/Developer/Library/Frameworks",
					"$(inherited)",
					"$(DEVELOPER_FRAMEWORKS_DIR)",
				);
				GCC_PRECOMPILE_PREFIX_HEADER = YES;
				GCC_PREFIX_HEADER = "judgement/judgement-Prefix.pch";
				INFOPLIST_FILE = "judgementTests/judgementTests-Info.plist";
				PRODUCT_NAME = "$(TARGET_NAME)";
				TEST_HOST = "$(BUNDLE_LOADER)";
				WRAPPER_EXTENSION = xctest;
			};
			name = Release;
		};
/* End XCBuildConfiguration section */

/* Begin XCConfigurationList section */
		7659928118F1AAC3002A1EDA /* Build configuration list for PBXProject "judgement" */ = {
			isa = XCConfigurationList;
			buildConfigurations = (
				765992BC18F1AAC3002A1EDA /* Debug */,
				765992BD18F1AAC3002A1EDA /* Release */,
			);
			defaultConfigurationIsVisible = 0;
			defaultConfigurationName = Release;
		};
		765992BE18F1AAC3002A1EDA /* Build configuration list for PBXNativeTarget "judgement" */ = {
			isa = XCConfigurationList;
			buildConfigurations = (
				765992BF18F1AAC3002A1EDA /* Debug */,
				765992C018F1AAC3002A1EDA /* Release */,
			);
			defaultConfigurationIsVisible = 0;
			defaultConfigurationName = Release;
		};
		765992C118F1AAC3002A1EDA /* Build configuration list for PBXNativeTarget "judgementTests" */ = {
			isa = XCConfigurationList;
			buildConfigurations = (
				765992C218F1AAC3002A1EDA /* Debug */,
				765992C318F1AAC3002A1EDA /* Release */,
			);
			defaultConfigurationIsVisible = 0;
			defaultConfigurationName = Release;
		};
/* End XCConfigurationList section */
	};
	rootObject = 7659927E18F1AAC3002A1EDA /* Project object */;
}
